
Microsoft Visual Studio Solution File, Format Version 12.00
# Visual Studio Version 16
VisualStudioVersion = 16.0.30711.63
MinimumVisualStudioVersion = 10.0.40219.1
Project("{FAE04EC0-301F-11D3-BF4B-00C04F79EFBC}") = "LogParserUI", "LogParserUI\LogParserUI.csproj", "{3BBFB371-57E4-485D-A433-CD9235EFF399}"
EndProject
Global
	GlobalSection(SolutionConfigurationPlatforms) = preSolution
		Debug|Any CPU = Debug|Any CPU
		Release|Any CPU = Release|Any CPU
	EndGlobalSection
	GlobalSection(ProjectConfigurationPlatforms) = postSolution
		{3BBFB371-57E4-485D-A433-CD9235EFF399}.Debug|Any CPU.ActiveCfg = Debug|Any CPU
		{3BBFB371-57E4-485D-A433-CD9235EFF399}.Debug|Any CPU.Build.0 = Debug|Any CPU
		{3BBFB371-57E4-485D-A433-CD9235EFF399}.Release|Any CPU.ActiveCfg = Release|Any CPU
		{3BBFB371-57E4-485D-A433-CD9235EFF399}.Release|Any CPU.Build.0 = Release|Any CPU
	EndGlobalSection
	GlobalSection(SolutionProperties) = preSolution
		HideSolutionNode = FALSE
	EndGlobalSection
	GlobalSection(ExtensibilityGlobals) = postSolution
		SolutionGuid = {3F1BBEB4-9AF3-435B-9086-E72623EDCD60}
	EndGlobalSection
EndGlobal
